
Microsoft Visual Studio Solution File, Format Version 11.00
# Visual Studio 2010
Project("{FAE04EC0-301F-11D3-BF4B-00C04F79EFBC}") = "Specs", "Specs\Specs.csproj", "{38F12405-7ACB-486D-882B-8D0E5C0F253D}"
EndProject
Global
	GlobalSection(SolutionConfigurationPlatforms) = preSolution
		Debug|Any CPU = Debug|Any CPU
		Release|Any CPU = Release|Any CPU
	EndGlobalSection
	GlobalSection(ProjectConfigurationPlatforms) = postSolution
		{38F12405-7ACB-486D-882B-8D0E5C0F253D}.Debug|Any CPU.ActiveCfg = Debug|Any CPU
		{38F12405-7ACB-486D-882B-8D0E5C0F253D}.Debug|Any CPU.Build.0 = Debug|Any CPU
		{38F12405-7ACB-486D-882B-8D0E5C0F253D}.Release|Any CPU.ActiveCfg = Release|Any CPU
		{38F12405-7ACB-486D-882B-8D0E5C0F253D}.Release|Any CPU.Build.0 = Release|Any CPU
	EndGlobalSection
	GlobalSection(SolutionProperties) = preSolution
		HideSolutionNode = FALSE
	EndGlobalSection
EndGlobal
